
Microsoft Visual Studio Solution File, Format Version 10.00
# Visual C++ Express 2008
Project("{8BC9CEB8-8B4A-11D0-8D11-00A0C91BC942}") = "Tech1 Scene", "Tech1 Scene\Tech1 Scene.vcproj", "{7BD6721B-5D37-44FA-B2DA-B63575EE3704}"
EndProject
Global
	GlobalSection(SolutionConfigurationPlatforms) = preSolution
		Debug|Win32 = Debug|Win32
		Release|Win32 = Release|Win32
	EndGlobalSection
	GlobalSection(ProjectConfigurationPlatforms) = postSolution
		{7BD6721B-5D37-44FA-B2DA-B63575EE3704}.Debug|Win32.ActiveCfg = Debug|Win32
		{7BD6721B-5D37-44FA-B2DA-B63575EE3704}.Debug|Win32.Build.0 = Debug|Win32
		{7BD6721B-5D37-44FA-B2DA-B63575EE3704}.Release|Win32.ActiveCfg = Release|Win32
		{7BD6721B-5D37-44FA-B2DA-B63575EE3704}.Release|Win32.Build.0 = Release|Win32
	EndGlobalSection
	GlobalSection(SolutionProperties) = preSolution
		HideSolutionNode = FALSE
	EndGlobalSection
EndGlobal
